{
    "_readme": [
        "This file locks the dependencies of your project to a known state",
        "Read more about it at https://getcomposer.org/doc/01-basic-usage.md#installing-dependencies",
        "This file is @generated automatically"
    ],
    "content-hash": "52aadb327bed11ad5472c6dc995f4f3d",
    "packages": [
        {
            "name": "mnaatjes/mvc-framework",
            "version": "dev-feat/config",
            "dist": {
                "type": "path",
                "url": "../core",
                "reference": "c5e454d65ca973d2f6fdd3140029064fdb3385ce"
            },
            "require": {
                "php": ">=8.1"
            },
            "require-dev": {
                "phpunit/phpunit": "^9.5"
            },
            "type": "project",
            "autoload": {
                "psr-4": {
                    "MVCFrame\\": "src/"
                },
                "files": [
                    "src/Helpers/env.php",
                    "src/Helpers/conf.php",
                    "src/Helpers/reg.php",
                    "src/Helpers/path.php"
                ]
            },
            "autoload-dev": {
                "psr-4": {
                    "MVCFrame\\Tests\\": "tests/"
                },
                "files": []
            },
            "license": [
                "MIT"
            ],
            "authors": [
                {
                    "name": "Michael Naatjes",
                    "email": "michael.naatjes87@gmail.com"
                }
            ],
            "description": "PHP Model, View, Controller Framework",
            "transport-options": {
                "relative": true
            }
        }
    ],
    "packages-dev": [],
    "aliases": [],
    "minimum-stability": "dev",
    "stability-flags": {},
    "prefer-stable": true,
    "prefer-lowest": false,
    "platform": {
        "php": ">=8.1"
    },
    "platform-dev": {},
    "plugin-api-version": "2.6.0"
}
